dependencies:
- name: swan
  repository: https://registry.cern.ch/chartrepo/krraghav-test
  version: 0.1.13
- name: fluentd
  repository: http://registry.cern.ch/chartrepo/cern
  version: 0.1.5
digest: sha256:65d962925bbd41a9db3b398f22671483e2a4c790c1c7a9d53574f7136fc8e78d
generated: "2022-10-31T12:41:16.927937726Z"
